// !$*UTF8*$!
{
	archiveVersion = 1;
	classes = {
	};
	objectVersion = 50;
	objects = {

/* Begin PBXBuildFile section */
		B105FDFA248ACAF50016223D /* AppDelegate.swift in Sources */ = {isa = PBXBuildFile; fileRef = B105FDF9248ACAF50016223D /* AppDelegate.swift */; };
		B105FDFC248ACAF50016223D /* SceneDelegate.swift in Sources */ = {isa = PBXBuildFile; fileRef = B105FDFB248ACAF50016223D /* SceneDelegate.swift */; };
		B105FE01248ACAF50016223D /* Main.storyboard in Resources */ = {isa = PBXBuildFile; fileRef = B105FDFF248ACAF50016223D /* Main.storyboard */; };
		B105FE03248ACAF60016223D /* Assets.xcassets in Resources */ = {isa = PBXBuildFile; fileRef = B105FE02248ACAF60016223D /* Assets.xcassets */; };
		B105FE06248ACAF60016223D /* LaunchScreen.storyboard in Resources */ = {isa = PBXBuildFile; fileRef = B105FE04248ACAF60016223D /* LaunchScreen.storyboard */; };
		B105FE17248ACDBC0016223D /* TrieNode.swift in Sources */ = {isa = PBXBuildFile; fileRef = B105FE13248ACDBB0016223D /* TrieNode.swift */; };
		B105FE18248ACDBC0016223D /* ScrabbleTile.swift in Sources */ = {isa = PBXBuildFile; fileRef = B105FE14248ACDBC0016223D /* ScrabbleTile.swift */; };
		B105FE19248ACDBC0016223D /* ScrabbleBrain.swift in Sources */ = {isa = PBXBuildFile; fileRef = B105FE15248ACDBC0016223D /* ScrabbleBrain.swift */; };
		B105FE1A248ACDBC0016223D /* Trie.swift in Sources */ = {isa = PBXBuildFile; fileRef = B105FE16248ACDBC0016223D /* Trie.swift */; };
		B105FE1C248ACDD40016223D /* Array+permutations.swift in Sources */ = {isa = PBXBuildFile; fileRef = B105FE1B248ACDD40016223D /* Array+permutations.swift */; };
		B105FE20248AD04E0016223D /* dictionary.txt in Resources */ = {isa = PBXBuildFile; fileRef = B105FE1F248AD04E0016223D /* dictionary.txt */; };
		B105FE22248AD06B0016223D /* ParseDictionaryFile.swift in Sources */ = {isa = PBXBuildFile; fileRef = B105FE21248AD06B0016223D /* ParseDictionaryFile.swift */; };
		B11979C1248B135B00075B08 /* RackViewController.swift in Sources */ = {isa = PBXBuildFile; fileRef = B11979C0248B135B00075B08 /* RackViewController.swift */; };
		B11979C3248B247900075B08 /* MatchedWordsViewController.swift in Sources */ = {isa = PBXBuildFile; fileRef = B11979C2248B247900075B08 /* MatchedWordsViewController.swift */; };
		B1812306248AE3B300A53B3C /* RoundButton.swift in Sources */ = {isa = PBXBuildFile; fileRef = B1812305248AE3B300A53B3C /* RoundButton.swift */; };
/* End PBXBuildFile section */

/* Begin PBXFileReference section */
		B105FDF6248ACAF50016223D /* ScrabbleCheatApp.app */ = {isa = PBXFileReference; explicitFileType = wrapper.application; includeInIndex = 0; path = ScrabbleCheatApp.app; sourceTree = BUILT_PRODUCTS_DIR; };
		B105FDF9248ACAF50016223D /* AppDelegate.swift */ = {isa = PBXFileReference; lastKnownFileType = sourcecode.swift; path = AppDelegate.swift; sourceTree = "<group>"; };
		B105FDFB248ACAF50016223D /* SceneDelegate.swift */ = {isa = PBXFileReference; lastKnownFileType = sourcecode.swift; path = SceneDelegate.swift; sourceTree = "<group>"; };
		B105FE00248ACAF50016223D /* Base */ = {isa = PBXFileReference; lastKnownFileType = file.storyboard; name = Base; path = Base.lproj/Main.storyboard; sourceTree = "<group>"; };
		B105FE02248ACAF60016223D /* Assets.xcassets */ = {isa = PBXFileReference; lastKnownFileType = folder.assetcatalog; path = Assets.xcassets; sourceTree = "<group>"; };
		B105FE05248ACAF60016223D /* Base */ = {isa = PBXFileReference; lastKnownFileType = file.storyboard; name = Base; path = Base.lproj/LaunchScreen.storyboard; sourceTree = "<group>"; };
		B105FE07248ACAF60016223D /* Info.plist */ = {isa = PBXFileReference; lastKnownFileType = text.plist.xml; path = Info.plist; sourceTree = "<group>"; };
		B105FE13248ACDBB0016223D /* TrieNode.swift */ = {isa = PBXFileReference; fileEncoding = 4; lastKnownFileType = sourcecode.swift; path = TrieNode.swift; sourceTree = "<group>"; };
		B105FE14248ACDBC0016223D /* ScrabbleTile.swift */ = {isa = PBXFileReference; fileEncoding = 4; lastKnownFileType = sourcecode.swift; path = ScrabbleTile.swift; sourceTree = "<group>"; };
		B105FE15248ACDBC0016223D /* ScrabbleBrain.swift */ = {isa = PBXFileReference; fileEncoding = 4; lastKnownFileType = sourcecode.swift; path = ScrabbleBrain.swift; sourceTree = "<group>"; };
		B105FE16248ACDBC0016223D /* Trie.swift */ = {isa = PBXFileReference; fileEncoding = 4; lastKnownFileType = sourcecode.swift; path = Trie.swift; sourceTree = "<group>"; };
		B105FE1B248ACDD40016223D /* Array+permutations.swift */ = {isa = PBXFileReference; fileEncoding = 4; lastKnownFileType = sourcecode.swift; path = "Array+permutations.swift"; sourceTree = "<group>"; };
		B105FE1F248AD04E0016223D /* dictionary.txt */ = {isa = PBXFileReference; fileEncoding = 4; lastKnownFileType = text; path = dictionary.txt; sourceTree = "<group>"; };
		B105FE21248AD06B0016223D /* ParseDictionaryFile.swift */ = {isa = PBXFileReference; fileEncoding = 4; lastKnownFileType = sourcecode.swift; path = ParseDictionaryFile.swift; sourceTree = "<group>"; };
		B11979C0248B135B00075B08 /* RackViewController.swift */ = {isa = PBXFileReference; lastKnownFileType = sourcecode.swift; path = RackViewController.swift; sourceTree = "<group>"; };
		B11979C2248B247900075B08 /* MatchedWordsViewController.swift */ = {isa = PBXFileReference; lastKnownFileType = sourcecode.swift; path = MatchedWordsViewController.swift; sourceTree = "<group>"; };
		B1812305248AE3B300A53B3C /* RoundButton.swift */ = {isa = PBXFileReference; fileEncoding = 4; lastKnownFileType = sourcecode.swift; path = RoundButton.swift; sourceTree = "<group>"; };
/* End PBXFileReference section */

/* Begin PBXFrameworksBuildPhase section */
		B105FDF3248ACAF50016223D /* Frameworks */ = {
			isa = PBXFrameworksBuildPhase;
			buildActionMask = 2147483647;
			files = (
			);
			runOnlyForDeploymentPostprocessing = 0;
		};
/* End PBXFrameworksBuildPhase section */

/* Begin PBXGroup section */
		B105FDED248ACAF50016223D = {
			isa = PBXGroup;
			children = (
				B105FDF8248ACAF50016223D /* ScrabbleCheatApp */,
				B105FDF7248ACAF50016223D /* Products */,
			);
			sourceTree = "<group>";
		};
		B105FDF7248ACAF50016223D /* Products */ = {
			isa = PBXGroup;
			children = (
				B105FDF6248ACAF50016223D /* ScrabbleCheatApp.app */,
			);
			name = Products;
			sourceTree = "<group>";
		};
		B105FDF8248ACAF50016223D /* ScrabbleCheatApp */ = {
			isa = PBXGroup;
			children = (
				B105FE10248ACD2E0016223D /* Extensions */,
				B105FE0E248ACD0F0016223D /* Model */,
				B105FE0D248ACD060016223D /* Controller */,
				B105FDF9248ACAF50016223D /* AppDelegate.swift */,
				B105FDFB248ACAF50016223D /* SceneDelegate.swift */,
				B105FE0F248ACD220016223D /* View */,
				B105FE02248ACAF60016223D /* Assets.xcassets */,
				B105FE1F248AD04E0016223D /* dictionary.txt */,
				B105FE04248ACAF60016223D /* LaunchScreen.storyboard */,
				B105FE07248ACAF60016223D /* Info.plist */,
			);
			path = ScrabbleCheatApp;
			sourceTree = "<group>";
		};
		B105FE0D248ACD060016223D /* Controller */ = {
			isa = PBXGroup;
			children = (
				B11979C0248B135B00075B08 /* RackViewController.swift */,
				B11979C2248B247900075B08 /* MatchedWordsViewController.swift */,
			);
			path = Controller;
			sourceTree = "<group>";
		};
		B105FE0E248ACD0F0016223D /* Model */ = {
			isa = PBXGroup;
			children = (
				B105FE21248AD06B0016223D /* ParseDictionaryFile.swift */,
				B105FE15248ACDBC0016223D /* ScrabbleBrain.swift */,
				B105FE14248ACDBC0016223D /* ScrabbleTile.swift */,
				B105FE16248ACDBC0016223D /* Trie.swift */,
				B105FE13248ACDBB0016223D /* TrieNode.swift */,
			);
			path = Model;
			sourceTree = "<group>";
		};
		B105FE0F248ACD220016223D /* View */ = {
			isa = PBXGroup;
			children = (
				B1812305248AE3B300A53B3C /* RoundButton.swift */,
				B105FDFF248ACAF50016223D /* Main.storyboard */,
			);
			path = View;
			sourceTree = "<group>";
		};
		B105FE10248ACD2E0016223D /* Extensions */ = {
			isa = PBXGroup;
			children = (
				B105FE1B248ACDD40016223D /* Array+permutations.swift */,
			);
			path = Extensions;
			sourceTree = "<group>";
		};
/* End PBXGroup section */

/* Begin PBXNativeTarget section */
		B105FDF5248ACAF50016223D /* ScrabbleCheatApp */ = {
			isa = PBXNativeTarget;
			buildConfigurationList = B105FE0A248ACAF60016223D /* Build configuration list for PBXNativeTarget "ScrabbleCheatApp" */;
			buildPhases = (
				B105FDF2248ACAF50016223D /* Sources */,
				B105FDF3248ACAF50016223D /* Frameworks */,
				B105FDF4248ACAF50016223D /* Resources */,
			);
			buildRules = (
			);
			dependencies = (
			);
			name = ScrabbleCheatApp;
			productName = ScrabbleCheatApp;
			productReference = B105FDF6248ACAF50016223D /* ScrabbleCheatApp.app */;
			productType = "com.apple.product-type.application";
		};
/* End PBXNativeTarget section */

/* Begin PBXProject section */
		B105FDEE248ACAF50016223D /* Project object */ = {
			isa = PBXProject;
			attributes = {
				LastSwiftUpdateCheck = 1150;
				LastUpgradeCheck = 1150;
				ORGANIZATIONNAME = AbneyAnalytics;
				TargetAttributes = {
					B105FDF5248ACAF50016223D = {
						CreatedOnToolsVersion = 11.5;
					};
				};
			};
			buildConfigurationList = B105FDF1248ACAF50016223D /* Build configuration list for PBXProject "ScrabbleCheatApp" */;
			compatibilityVersion = "Xcode 9.3";
			developmentRegion = en;
			hasScannedForEncodings = 0;
			knownRegions = (
				en,
				Base,
			);
			mainGroup = B105FDED248ACAF50016223D;
			productRefGroup = B105FDF7248ACAF50016223D /* Products */;
			projectDirPath = "";
			projectRoot = "";
			targets = (
				B105FDF5248ACAF50016223D /* ScrabbleCheatApp */,
			);
		};
/* End PBXProject section */

/* Begin PBXResourcesBuildPhase section */
		B105FDF4248ACAF50016223D /* Resources */ = {
			isa = PBXResourcesBuildPhase;
			buildActionMask = 2147483647;
			files = (
				B105FE06248ACAF60016223D /* LaunchScreen.storyboard in Resources */,
				B105FE03248ACAF60016223D /* Assets.xcassets in Resources */,
				B105FE20248AD04E0016223D /* dictionary.txt in Resources */,
				B105FE01248ACAF50016223D /* Main.storyboard in Resources */,
			);
			runOnlyForDeploymentPostprocessing = 0;
		};
/* End PBXResourcesBuildPhase section */

/* Begin PBXSourcesBuildPhase section */
		B105FDF2248ACAF50016223D /* Sources */ = {
			isa = PBXSourcesBuildPhase;
			buildActionMask = 2147483647;
			files = (
				B105FE1C248ACDD40016223D /* Array+permutations.swift in Sources */,
				B105FDFA248ACAF50016223D /* AppDelegate.swift in Sources */,
				B105FDFC248ACAF50016223D /* SceneDelegate.swift in Sources */,
				B105FE1A248ACDBC0016223D /* Trie.swift in Sources */,
				B105FE18248ACDBC0016223D /* ScrabbleTile.swift in Sources */,
				B11979C1248B135B00075B08 /* RackViewController.swift in Sources */,
				B1812306248AE3B300A53B3C /* RoundButton.swift in Sources */,
				B105FE22248AD06B0016223D /* ParseDictionaryFile.swift in Sources */,
				B11979C3248B247900075B08 /* MatchedWordsViewController.swift in Sources */,
				B105FE19248ACDBC0016223D /* ScrabbleBrain.swift in Sources */,
				B105FE17248ACDBC0016223D /* TrieNode.swift in Sources */,
			);
			runOnlyForDeploymentPostprocessing = 0;
		};
/* End PBXSourcesBuildPhase section */

/* Begin PBXVariantGroup section */
		B105FDFF248ACAF50016223D /* Main.storyboard */ = {
			isa = PBXVariantGroup;
			children = (
				B105FE00248ACAF50016223D /* Base */,
			);
			name = Main.storyboard;
			sourceTree = "<group>";
		};
		B105FE04248ACAF60016223D /* LaunchScreen.storyboard */ = {
			isa = PBXVariantGroup;
			children = (
				B105FE05248ACAF60016223D /* Base */,
			);
			name = LaunchScreen.storyboard;
			sourceTree = "<group>";
		};
/* End PBXVariantGroup section */

/* Begin XCBuildConfiguration section */
		B105FE08248ACAF60016223D /* Debug */ = {
			isa = XCBuildConfiguration;
			buildSettings = {
				ALWAYS_SEARCH_USER_PATHS = NO;
				CLANG_ANALYZER_NONNULL = YES;
				CLANG_ANALYZER_NUMBER_OBJECT_CONVERSION = YES_AGGRESSIVE;
				CLANG_CXX_LANGUAGE_STANDARD = "gnu++14";
				CLANG_CXX_LIBRARY = "libc++";
				CLANG_ENABLE_MODULES = YES;
				CLANG_ENABLE_OBJC_ARC = YES;
				CLANG_ENABLE_OBJC_WEAK = YES;
				CLANG_WARN_BLOCK_CAPTURE_AUTORELEASING = YES;
				CLANG_WARN_BOOL_CONVERSION = YES;
				CLANG_WARN_COMMA = YES;
				CLANG_WARN_CONSTANT_CONVERSION = YES;
				CLANG_WARN_DEPRECATED_OBJC_IMPLEMENTATIONS = YES;
				CLANG_WARN_DIRECT_OBJC_ISA_USAGE = YES_ERROR;
				CLANG_WARN_DOCUMENTATION_COMMENTS = YES;
				CLANG_WARN_EMPTY_BODY = YES;
				CLANG_WARN_ENUM_CONVERSION = YES;
				CLANG_WARN_INFINITE_RECURSION = YES;
				CLANG_WARN_INT_CONVERSION = YES;
				CLANG_WARN_NON_LITERAL_NULL_CONVERSION = YES;
				CLANG_WARN_OBJC_IMPLICIT_RETAIN_SELF = YES;
				CLANG_WARN_OBJC_LITERAL_CONVERSION = YES;
				CLANG_WARN_OBJC_ROOT_CLASS = YES_ERROR;
				CLANG_WARN_RANGE_LOOP_ANALYSIS = YES;
				CLANG_WARN_STRICT_PROTOTYPES = YES;
				CLANG_WARN_SUSPICIOUS_MOVE = YES;
				CLANG_WARN_UNGUARDED_AVAILABILITY = YES_AGGRESSIVE;
				CLANG_WARN_UNREACHABLE_CODE = YES;
				CLANG_WARN__DUPLICATE_METHOD_MATCH = YES;
				COPY_PHASE_STRIP = NO;
				DEBUG_INFORMATION_FORMAT = dwarf;
				ENABLE_STRICT_OBJC_MSGSEND = YES;
				ENABLE_TESTABILITY = YES;
				GCC_C_LANGUAGE_STANDARD = gnu11;
				GCC_DYNAMIC_NO_PIC = NO;
				GCC_NO_COMMON_BLOCKS = YES;
				GCC_OPTIMIZATION_LEVEL = 0;
				GCC_PREPROCESSOR_DEFINITIONS = (
					"DEBUG=1",
					"$(inherited)",
				);
				GCC_WARN_64_TO_32_BIT_CONVERSION = YES;
				GCC_WARN_ABOUT_RETURN_TYPE = YES_ERROR;
				GCC_WARN_UNDECLARED_SELECTOR = YES;
				GCC_WARN_UNINITIALIZED_AUTOS = YES_AGGRESSIVE;
				GCC_WARN_UNUSED_FUNCTION = YES;
				GCC_WARN_UNUSED_VARIABLE = YES;
				IPHONEOS_DEPLOYMENT_TARGET = 13.5;
				MTL_ENABLE_DEBUG_INFO = INCLUDE_SOURCE;
				MTL_FAST_MATH = YES;
				ONLY_ACTIVE_ARCH = YES;
				SDKROOT = iphoneos;
				SWIFT_ACTIVE_COMPILATION_CONDITIONS = DEBUG;
				SWIFT_OPTIMIZATION_LEVEL = "-Onone";
			};
			name = Debug;
		};
		B105FE09248ACAF60016223D /* Release */ = {
			isa = XCBuildConfiguration;
			buildSettings = {
				ALWAYS_SEARCH_USER_PATHS = NO;
				CLANG_ANALYZER_NONNULL = YES;
				CLANG_ANALYZER_NUMBER_OBJECT_CONVERSION = YES_AGGRESSIVE;
				CLANG_CXX_LANGUAGE_STANDARD = "gnu++14";
				CLANG_CXX_LIBRARY = "libc++";
				CLANG_ENABLE_MODULES = YES;
				CLANG_ENABLE_OBJC_ARC = YES;
				CLANG_ENABLE_OBJC_WEAK = YES;
				CLANG_WARN_BLOCK_CAPTURE_AUTORELEASING = YES;
				CLANG_WARN_BOOL_CONVERSION = YES;
				CLANG_WARN_COMMA = YES;
				CLANG_WARN_CONSTANT_CONVERSION = YES;
				CLANG_WARN_DEPRECATED_OBJC_IMPLEMENTATIONS = YES;
				CLANG_WARN_DIRECT_OBJC_ISA_USAGE = YES_ERROR;
				CLANG_WARN_DOCUMENTATION_COMMENTS = YES;
				CLANG_WARN_EMPTY_BODY = YES;
				CLANG_WARN_ENUM_CONVERSION = YES;
				CLANG_WARN_INFINITE_RECURSION = YES;
				CLANG_WARN_INT_CONVERSION = YES;
				CLANG_WARN_NON_LITERAL_NULL_CONVERSION = YES;
				CLANG_WARN_OBJC_IMPLICIT_RETAIN_SELF = YES;
				CLANG_WARN_OBJC_LITERAL_CONVERSION = YES;
				CLANG_WARN_OBJC_ROOT_CLASS = YES_ERROR;
				CLANG_WARN_RANGE_LOOP_ANALYSIS = YES;
				CLANG_WARN_STRICT_PROTOTYPES = YES;
				CLANG_WARN_SUSPICIOUS_MOVE = YES;
				CLANG_WARN_UNGUARDED_AVAILABILITY = YES_AGGRESSIVE;
				CLANG_WARN_UNREACHABLE_CODE = YES;
				CLANG_WARN__DUPLICATE_METHOD_MATCH = YES;
				COPY_PHASE_STRIP = NO;
				DEBUG_INFORMATION_FORMAT = "dwarf-with-dsym";
				ENABLE_NS_ASSERTIONS = NO;
				ENABLE_STRICT_OBJC_MSGSEND = YES;
				GCC_C_LANGUAGE_STANDARD = gnu11;
				GCC_NO_COMMON_BLOCKS = YES;
				GCC_WARN_64_TO_32_BIT_CONVERSION = YES;
				GCC_WARN_ABOUT_RETURN_TYPE = YES_ERROR;
				GCC_WARN_UNDECLARED_SELECTOR = YES;
				GCC_WARN_UNINITIALIZED_AUTOS = YES_AGGRESSIVE;
				GCC_WARN_UNUSED_FUNCTION = YES;
				GCC_WARN_UNUSED_VARIABLE = YES;
				IPHONEOS_DEPLOYMENT_TARGET = 13.5;
				MTL_ENABLE_DEBUG_INFO = NO;
				MTL_FAST_MATH = YES;
				SDKROOT = iphoneos;
				SWIFT_COMPILATION_MODE = wholemodule;
				SWIFT_OPTIMIZATION_LEVEL = "-O";
				VALIDATE_PRODUCT = YES;
			};
			name = Release;
		};
		B105FE0B248ACAF60016223D /* Debug */ = {
			isa = XCBuildConfiguration;
			buildSettings = {
				ASSETCATALOG_COMPILER_APPICON_NAME = AppIcon;
				CODE_SIGN_STYLE = Automatic;
				DEVELOPMENT_TEAM = W7ULA4X9L6;
				INFOPLIST_FILE = ScrabbleCheatApp/Info.plist;
				LD_RUNPATH_SEARCH_PATHS = (
					"$(inherited)",
					"@executable_path/Frameworks",
				);
				PRODUCT_BUNDLE_IDENTIFIER = com.abneyanalytics.ScrabbleCheatApp;
				PRODUCT_NAME = "$(TARGET_NAME)";
				SWIFT_VERSION = 5.0;
				TARGETED_DEVICE_FAMILY = "1,2";
			};
			name = Debug;
		};
		B105FE0C248ACAF60016223D /* Release */ = {
			isa = XCBuildConfiguration;
			buildSettings = {
				ASSETCATALOG_COMPILER_APPICON_NAME = AppIcon;
				CODE_SIGN_STYLE = Automatic;
				DEVELOPMENT_TEAM = W7ULA4X9L6;
				INFOPLIST_FILE = ScrabbleCheatApp/Info.plist;
				LD_RUNPATH_SEARCH_PATHS = (
					"$(inherited)",
					"@executable_path/Frameworks",
				);
				PRODUCT_BUNDLE_IDENTIFIER = com.abneyanalytics.ScrabbleCheatApp;
				PRODUCT_NAME = "$(TARGET_NAME)";
				SWIFT_VERSION = 5.0;
				TARGETED_DEVICE_FAMILY = "1,2";
			};
			name = Release;
		};
/* End XCBuildConfiguration section */

/* Begin XCConfigurationList section */
		B105FDF1248ACAF50016223D /* Build configuration list for PBXProject "ScrabbleCheatApp" */ = {
			isa = XCConfigurationList;
			buildConfigurations = (
				B105FE08248ACAF60016223D /* Debug */,
				B105FE09248ACAF60016223D /* Release */,
			);
			defaultConfigurationIsVisible = 0;
			defaultConfigurationName = Release;
		};
		B105FE0A248ACAF60016223D /* Build configuration list for PBXNativeTarget "ScrabbleCheatApp" */ = {
			isa = XCConfigurationList;
			buildConfigurations = (
				B105FE0B248ACAF60016223D /* Debug */,
				B105FE0C248ACAF60016223D /* Release */,
			);
			defaultConfigurationIsVisible = 0;
			defaultConfigurationName = Release;
		};
/* End XCConfigurationList section */
	};
	rootObject = B105FDEE248ACAF50016223D /* Project object */;
}
